// !$*UTF8*$!
{
	archiveVersion = 1;
	classes = {
	};
	objectVersion = 48;
	objects = {

/* Begin PBXBuildFile section */
		3300BC022073548D007A1967 /* libz.tbd in Frameworks */ = {isa = PBXBuildFile; fileRef = 3300BC012073548D007A1967 /* libz.tbd */; };
		3300BC04207354A1007A1967 /* Accelerate.framework in Frameworks */ = {isa = PBXBuildFile; fileRef = 3300BC03207354A1007A1967 /* Accelerate.framework */; };
		3300BC06207354AC007A1967 /* CoreData.framework in Frameworks */ = {isa = PBXBuildFile; fileRef = 3300BC05207354AC007A1967 /* CoreData.framework */; };
		3300BC08207354B7007A1967 /* CoreGraphics.framework in Frameworks */ = {isa = PBXBuildFile; fileRef = 3300BC07207354B7007A1967 /* CoreGraphics.framework */; };
		3300BC0A207354BD007A1967 /* CoreImage.framework in Frameworks */ = {isa = PBXBuildFile; fileRef = 3300BC09207354BD007A1967 /* CoreImage.framework */; };
		3300BC0C207354CE007A1967 /* CoreLocation.framework in Frameworks */ = {isa = PBXBuildFile; fileRef = 3300BC0B207354CE007A1967 /* CoreLocation.framework */; };
		3300BC0E207354D4007A1967 /* CoreTelephony.framework in Frameworks */ = {isa = PBXBuildFile; fileRef = 3300BC0D207354D4007A1967 /* CoreTelephony.framework */; };
		3300BC10207354E1007A1967 /* CoreText.framework in Frameworks */ = {isa = PBXBuildFile; fileRef = 3300BC0F207354E1007A1967 /* CoreText.framework */; };
		3300BC12207354E8007A1967 /* GLKit.framework in Frameworks */ = {isa = PBXBuildFile; fileRef = 3300BC11207354E8007A1967 /* GLKit.framework */; };
		3300BC14207354F6007A1967 /* ImageIO.framework in Frameworks */ = {isa = PBXBuildFile; fileRef = 3300BC13207354F6007A1967 /* ImageIO.framework */; };
		3300BC1620735503007A1967 /* libc++.tbd in Frameworks */ = {isa = PBXBuildFile; fileRef = 3300BC1520735503007A1967 /* libc++.tbd */; };
		3300BC182073550E007A1967 /* OpenGLES.framework in Frameworks */ = {isa = PBXBuildFile; fileRef = 3300BC172073550E007A1967 /* OpenGLES.framework */; };
		3300BC1A20735518007A1967 /* QuartzCore.framework in Frameworks */ = {isa = PBXBuildFile; fileRef = 3300BC1920735518007A1967 /* QuartzCore.framework */; };
		3300BC1C20735520007A1967 /* SystemConfiguration.framework in Frameworks */ = {isa = PBXBuildFile; fileRef = 3300BC1B20735520007A1967 /* SystemConfiguration.framework */; };
		3300BC1E20735525007A1967 /* UIKit.framework in Frameworks */ = {isa = PBXBuildFile; fileRef = 3300BC1D20735525007A1967 /* UIKit.framework */; };
		3300BC1F20735889007A1967 /* GMUGridBasedClusterAlgorithm.m in Sources */ = {isa = PBXBuildFile; fileRef = 33C342D72066A3EB0079C189 /* GMUGridBasedClusterAlgorithm.m */; };
		3300BC2020735889007A1967 /* GMUNonHierarchicalDistanceBasedAlgorithm.m in Sources */ = {isa = PBXBuildFile; fileRef = 33C342D92066A3EB0079C189 /* GMUNonHierarchicalDistanceBasedAlgorithm.m */; };
		3300BC2120735889007A1967 /* GMUSimpleClusterAlgorithm.m in Sources */ = {isa = PBXBuildFile; fileRef = 33C342DB2066A3EB0079C189 /* GMUSimpleClusterAlgorithm.m */; };
		3300BC2220735889007A1967 /* GMUWrappingDictionaryKey.m in Sources */ = {isa = PBXBuildFile; fileRef = 33C342DD2066A3EB0079C189 /* GMUWrappingDictionaryKey.m */; };
		3300BC2320735889007A1967 /* GMUClusterManager.m in Sources */ = {isa = PBXBuildFile; fileRef = 33C342E22066A3EB0079C189 /* GMUClusterManager.m */; };
		3300BC2420735889007A1967 /* GMUStaticCluster.m in Sources */ = {isa = PBXBuildFile; fileRef = 33C342E52066A3EB0079C189 /* GMUStaticCluster.m */; };
		3300BC2520735889007A1967 /* GMUDefaultClusterIconGenerator.m in Sources */ = {isa = PBXBuildFile; fileRef = 33C342EB2066A3EB0079C189 /* GMUDefaultClusterIconGenerator.m */; };
		3300BC2620735889007A1967 /* GMUDefaultClusterRenderer.m in Sources */ = {isa = PBXBuildFile; fileRef = 33C342EE2066A3EB0079C189 /* GMUDefaultClusterRenderer.m */; };
		3300BC2720735A0D007A1967 /* GQTPointQuadTree.m in Sources */ = {isa = PBXBuildFile; fileRef = 33C3430E2066A3EB0079C189 /* GQTPointQuadTree.m */; };
		3300BC2820735A0D007A1967 /* GQTPointQuadTreeChild.m in Sources */ = {isa = PBXBuildFile; fileRef = 33C343102066A3EB0079C189 /* GQTPointQuadTreeChild.m */; };
		3300BC2920735A17007A1967 /* GMUGradient.m in Sources */ = {isa = PBXBuildFile; fileRef = 33C342CE2066A3EB0079C189 /* GMUGradient.m */; };
		3300BC2A20735A17007A1967 /* GMUHeatmapTileLayer.m in Sources */ = {isa = PBXBuildFile; fileRef = 33C342D02066A3EB0079C189 /* GMUHeatmapTileLayer.m */; };
		3300BC2B20735A17007A1967 /* GMUWeightedLatLng.m in Sources */ = {isa = PBXBuildFile; fileRef = 33C342D22066A3EB0079C189 /* GMUWeightedLatLng.m */; };
		33041BE3205546F00087FF00 /* SplashVC.swift in Sources */ = {isa = PBXBuildFile; fileRef = 33041BE2205546F00087FF00 /* SplashVC.swift */; };
		33041BE52055499C0087FF00 /* SideMenuVC.swift in Sources */ = {isa = PBXBuildFile; fileRef = 33041BE42055499C0087FF00 /* SideMenuVC.swift */; };
		33041BE7205563C80087FF00 /* HomeTVC.swift in Sources */ = {isa = PBXBuildFile; fileRef = 33041BE6205563C80087FF00 /* HomeTVC.swift */; };
		33041BE92055A09B0087FF00 /* RecommendedCVC.swift in Sources */ = {isa = PBXBuildFile; fileRef = 33041BE82055A09B0087FF00 /* RecommendedCVC.swift */; };
		33041BEB2055A3B30087FF00 /* Course.swift in Sources */ = {isa = PBXBuildFile; fileRef = 33041BEA2055A3B30087FF00 /* Course.swift */; };
		33041BED2055A4C30087FF00 /* RecCourseCell.swift in Sources */ = {isa = PBXBuildFile; fileRef = 33041BEC2055A4C30087FF00 /* RecCourseCell.swift */; };
		33041BEF20561C280087FF00 /* CoursesDiscoverTVC.swift in Sources */ = {isa = PBXBuildFile; fileRef = 33041BEE20561C260087FF00 /* CoursesDiscoverTVC.swift */; };
		33041BF120561DEA0087FF00 /* CoursesDiscoverTVCell.swift in Sources */ = {isa = PBXBuildFile; fileRef = 33041BF020561DEA0087FF00 /* CoursesDiscoverTVCell.swift */; };
		33075BB32073099C0078CCE5 /* SettingsTVC.swift in Sources */ = {isa = PBXBuildFile; fileRef = 33075BB22073099C0078CCE5 /* SettingsTVC.swift */; };
		3312C41F206FBE6700EB8BAC /* SubCoursesTVC.swift in Sources */ = {isa = PBXBuildFile; fileRef = 3312C41E206FBE6700EB8BAC /* SubCoursesTVC.swift */; };
		3312C421206FBE7D00EB8BAC /* SubCourse.swift in Sources */ = {isa = PBXBuildFile; fileRef = 3312C420206FBE7D00EB8BAC /* SubCourse.swift */; };
		3312C423206FBF1C00EB8BAC /* StartingDate.swift in Sources */ = {isa = PBXBuildFile; fileRef = 3312C422206FBF1C00EB8BAC /* StartingDate.swift */; };
		3312C425206FC2CD00EB8BAC /* SubCourseTVCell.swift in Sources */ = {isa = PBXBuildFile; fileRef = 3312C424206FC2CD00EB8BAC /* SubCourseTVCell.swift */; };
		3312C4272070564B00EB8BAC /* CourseProfileVC.swift in Sources */ = {isa = PBXBuildFile; fileRef = 3312C4262070564B00EB8BAC /* CourseProfileVC.swift */; };
		332C8C832048835B00BE2646 /* AppDelegate.swift in Sources */ = {isa = PBXBuildFile; fileRef = 332C8C822048835B00BE2646 /* AppDelegate.swift */; };
		332C8C882048835B00BE2646 /* Main.storyboard in Resources */ = {isa = PBXBuildFile; fileRef = 332C8C862048835B00BE2646 /* Main.storyboard */; };
		332C8C8A2048835B00BE2646 /* Assets.xcassets in Resources */ = {isa = PBXBuildFile; fileRef = 332C8C892048835B00BE2646 /* Assets.xcassets */; };
		332C8C8D2048835B00BE2646 /* LaunchScreen.storyboard in Resources */ = {isa = PBXBuildFile; fileRef = 332C8C8B2048835B00BE2646 /* LaunchScreen.storyboard */; };
		332C8C962048846500BE2646 /* LoginMainVC.swift in Sources */ = {isa = PBXBuildFile; fileRef = 332C8C952048846500BE2646 /* LoginMainVC.swift */; };
		332C8C9920488C5B00BE2646 /* Extensions.swift in Sources */ = {isa = PBXBuildFile; fileRef = 332C8C9820488C5700BE2646 /* Extensions.swift */; };
		336C6592207962760086C1E2 /* localized.strings in Resources */ = {isa = PBXBuildFile; fileRef = 336C659020795DC30086C1E2 /* localized.strings */; };
		337C13E12056F603000E16CA /* CoursesTVC.swift in Sources */ = {isa = PBXBuildFile; fileRef = 337C13E02056F603000E16CA /* CoursesTVC.swift */; };
		337C13E320570132000E16CA /* CentersMapVC.swift in Sources */ = {isa = PBXBuildFile; fileRef = 337C13E220570132000E16CA /* CentersMapVC.swift */; };
		337C13E520570D98000E16CA /* Center.swift in Sources */ = {isa = PBXBuildFile; fileRef = 337C13E420570D98000E16CA /* Center.swift */; };
		33B465DC205443D400446F99 /* CompRegTVC.swift in Sources */ = {isa = PBXBuildFile; fileRef = 33B465DB205443D400446F99 /* CompRegTVC.swift */; };
		33B465E120544B0E00446F99 /* Category.swift in Sources */ = {isa = PBXBuildFile; fileRef = 33B465E020544B0E00446F99 /* Category.swift */; };
		33B7938B2053EF1A00E84032 /* Consts.swift in Sources */ = {isa = PBXBuildFile; fileRef = 33B7938A2053EF1A00E84032 /* Consts.swift */; };
		33CD9EA4204DB18600579125 /* RegisterPage.swift in Sources */ = {isa = PBXBuildFile; fileRef = 33CD9EA3204DB18600579125 /* RegisterPage.swift */; };
		33E198C5207136DB0073328B /* CourseProfileVP.swift in Sources */ = {isa = PBXBuildFile; fileRef = 33E198C4207136DB0073328B /* CourseProfileVP.swift */; };
		33E198C72071536C0073328B /* CenterInfoTVC.swift in Sources */ = {isa = PBXBuildFile; fileRef = 33E198C62071536C0073328B /* CenterInfoTVC.swift */; };
		33E198C92071564D0073328B /* CenterInfoTVCell.swift in Sources */ = {isa = PBXBuildFile; fileRef = 33E198C82071564D0073328B /* CenterInfoTVCell.swift */; };
		33E198CB20715A830073328B /* CenterProfileVC.swift in Sources */ = {isa = PBXBuildFile; fileRef = 33E198CA20715A830073328B /* CenterProfileVC.swift */; };
		33E198CD207169390073328B /* CenterProfileVP.swift in Sources */ = {isa = PBXBuildFile; fileRef = 33E198CC207169390073328B /* CenterProfileVP.swift */; };
		33E60EF0206D427F008EE27A /* Booking.swift in Sources */ = {isa = PBXBuildFile; fileRef = 33E60EEF206D427F008EE27A /* Booking.swift */; };
		33E91D632071B6E500DEFEEE /* BookCourseVC.swift in Sources */ = {isa = PBXBuildFile; fileRef = 33E91D622071B6E500DEFEEE /* BookCourseVC.swift */; };
		33E91D672071B76900DEFEEE /* BookCourseTVC.swift in Sources */ = {isa = PBXBuildFile; fileRef = 33E91D662071B76900DEFEEE /* BookCourseTVC.swift */; };
		33E91D692071B77C00DEFEEE /* BookCourseVP.swift in Sources */ = {isa = PBXBuildFile; fileRef = 33E91D682071B77C00DEFEEE /* BookCourseVP.swift */; };
		33E91D702071C6D000DEFEEE /* PromoCode.swift in Sources */ = {isa = PBXBuildFile; fileRef = 33E91D6F2071C6D000DEFEEE /* PromoCode.swift */; };
		33E91D722071DFAA00DEFEEE /* PromotionsTVC.swift in Sources */ = {isa = PBXBuildFile; fileRef = 33E91D712071DFAA00DEFEEE /* PromotionsTVC.swift */; };
		33E91D742071E15100DEFEEE /* PromotionTVCell.swift in Sources */ = {isa = PBXBuildFile; fileRef = 33E91D732071E15100DEFEEE /* PromotionTVCell.swift */; };
		33E91D762071E9ED00DEFEEE /* QRScanner.swift in Sources */ = {isa = PBXBuildFile; fileRef = 33E91D752071E9EC00DEFEEE /* QRScanner.swift */; };
		33ED5968206823B5005F29F6 /* BookingsTVC.swift in Sources */ = {isa = PBXBuildFile; fileRef = 33ED5967206823B5005F29F6 /* BookingsTVC.swift */; };
		33ED596A2068352A005F29F6 /* BookingTVCell.swift in Sources */ = {isa = PBXBuildFile; fileRef = 33ED59692068352A005F29F6 /* BookingTVCell.swift */; };
		33FE11612048A2EA00A01923 /* LoginPage.swift in Sources */ = {isa = PBXBuildFile; fileRef = 33FE11602048A2EA00A01923 /* LoginPage.swift */; };
		89EF9C3A20D5FF927B82732C /* Pods_MyCourses.framework in Frameworks */ = {isa = PBXBuildFile; fileRef = 6744C611725DF4C39C441494 /* Pods_MyCourses.framework */; };
/* End PBXBuildFile section */

/* Begin PBXFileReference section */
		0AE40D41259753C29E45E99B /* Pods_My_Courses.framework */ = {isa = PBXFileReference; explicitFileType = wrapper.framework; includeInIndex = 0; path = Pods_My_Courses.framework; sourceTree = BUILT_PRODUCTS_DIR; };
		3300BC012073548D007A1967 /* libz.tbd */ = {isa = PBXFileReference; lastKnownFileType = "sourcecode.text-based-dylib-definition"; name = libz.tbd; path = usr/lib/libz.tbd; sourceTree = SDKROOT; };
		3300BC03207354A1007A1967 /* Accelerate.framework */ = {isa = PBXFileReference; lastKnownFileType = wrapper.framework; name = Accelerate.framework; path = System/Library/Frameworks/Accelerate.framework; sourceTree = SDKROOT; };
		3300BC05207354AC007A1967 /* CoreData.framework */ = {isa = PBXFileReference; lastKnownFileType = wrapper.framework; name = CoreData.framework; path = System/Library/Frameworks/CoreData.framework; sourceTree = SDKROOT; };
		3300BC07207354B7007A1967 /* CoreGraphics.framework */ = {isa = PBXFileReference; lastKnownFileType = wrapper.framework; name = CoreGraphics.framework; path = System/Library/Frameworks/CoreGraphics.framework; sourceTree = SDKROOT; };
		3300BC09207354BD007A1967 /* CoreImage.framework */ = {isa = PBXFileReference; lastKnownFileType = wrapper.framework; name = CoreImage.framework; path = System/Library/Frameworks/CoreImage.framework; sourceTree = SDKROOT; };
		3300BC0B207354CE007A1967 /* CoreLocation.framework */ = {isa = PBXFileReference; lastKnownFileType = wrapper.framework; name = CoreLocation.framework; path = System/Library/Frameworks/CoreLocation.framework; sourceTree = SDKROOT; };
		3300BC0D207354D4007A1967 /* CoreTelephony.framework */ = {isa = PBXFileReference; lastKnownFileType = wrapper.framework; name = CoreTelephony.framework; path = System/Library/Frameworks/CoreTelephony.framework; sourceTree = SDKROOT; };
		3300BC0F207354E1007A1967 /* CoreText.framework */ = {isa = PBXFileReference; lastKnownFileType = wrapper.framework; name = CoreText.framework; path = System/Library/Frameworks/CoreText.framework; sourceTree = SDKROOT; };
		3300BC11207354E8007A1967 /* GLKit.framework */ = {isa = PBXFileReference; lastKnownFileType = wrapper.framework; name = GLKit.framework; path = System/Library/Frameworks/GLKit.framework; sourceTree = SDKROOT; };
		3300BC13207354F6007A1967 /* ImageIO.framework */ = {isa = PBXFileReference; lastKnownFileType = wrapper.framework; name = ImageIO.framework; path = System/Library/Frameworks/ImageIO.framework; sourceTree = SDKROOT; };
		3300BC1520735503007A1967 /* libc++.tbd */ = {isa = PBXFileReference; lastKnownFileType = "sourcecode.text-based-dylib-definition"; name = "libc++.tbd"; path = "usr/lib/libc++.tbd"; sourceTree = SDKROOT; };
		3300BC172073550E007A1967 /* OpenGLES.framework */ = {isa = PBXFileReference; lastKnownFileType = wrapper.framework; name = OpenGLES.framework; path = System/Library/Frameworks/OpenGLES.framework; sourceTree = SDKROOT; };
		3300BC1920735518007A1967 /* QuartzCore.framework */ = {isa = PBXFileReference; lastKnownFileType = wrapper.framework; name = QuartzCore.framework; path = System/Library/Frameworks/QuartzCore.framework; sourceTree = SDKROOT; };
		3300BC1B20735520007A1967 /* SystemConfiguration.framework */ = {isa = PBXFileReference; lastKnownFileType = wrapper.framework; name = SystemConfiguration.framework; path = System/Library/Frameworks/SystemConfiguration.framework; sourceTree = SDKROOT; };
		3300BC1D20735525007A1967 /* UIKit.framework */ = {isa = PBXFileReference; lastKnownFileType = wrapper.framework; name = UIKit.framework; path = System/Library/Frameworks/UIKit.framework; sourceTree = SDKROOT; };
		33041BE2205546F00087FF00 /* SplashVC.swift */ = {isa = PBXFileReference; lastKnownFileType = sourcecode.swift; path = SplashVC.swift; sourceTree = "<group>"; };
		33041BE42055499C0087FF00 /* SideMenuVC.swift */ = {isa = PBXFileReference; lastKnownFileType = sourcecode.swift; path = SideMenuVC.swift; sourceTree = "<group>"; };
		33041BE6205563C80087FF00 /* HomeTVC.swift */ = {isa = PBXFileReference; lastKnownFileType = sourcecode.swift; path = HomeTVC.swift; sourceTree = "<group>"; };
		33041BE82055A09B0087FF00 /* RecommendedCVC.swift */ = {isa = PBXFileReference; lastKnownFileType = sourcecode.swift; path = RecommendedCVC.swift; sourceTree = "<group>"; };
		33041BEA2055A3B30087FF00 /* Course.swift */ = {isa = PBXFileReference; lastKnownFileType = sourcecode.swift; path = Course.swift; sourceTree = "<group>"; };
		33041BEC2055A4C30087FF00 /* RecCourseCell.swift */ = {isa = PBXFileReference; lastKnownFileType = sourcecode.swift; path = RecCourseCell.swift; sourceTree = "<group>"; };
		33041BEE20561C260087FF00 /* CoursesDiscoverTVC.swift */ = {isa = PBXFileReference; lastKnownFileType = sourcecode.swift; path = CoursesDiscoverTVC.swift; sourceTree = "<group>"; };
		33041BF020561DEA0087FF00 /* CoursesDiscoverTVCell.swift */ = {isa = PBXFileReference; lastKnownFileType = sourcecode.swift; path = CoursesDiscoverTVCell.swift; sourceTree = "<group>"; };
		33075BB22073099C0078CCE5 /* SettingsTVC.swift */ = {isa = PBXFileReference; lastKnownFileType = sourcecode.swift; path = SettingsTVC.swift; sourceTree = "<group>"; };
		3312C41E206FBE6700EB8BAC /* SubCoursesTVC.swift */ = {isa = PBXFileReference; lastKnownFileType = sourcecode.swift; path = SubCoursesTVC.swift; sourceTree = "<group>"; };
		3312C420206FBE7D00EB8BAC /* SubCourse.swift */ = {isa = PBXFileReference; lastKnownFileType = sourcecode.swift; path = SubCourse.swift; sourceTree = "<group>"; };
		3312C422206FBF1C00EB8BAC /* StartingDate.swift */ = {isa = PBXFileReference; lastKnownFileType = sourcecode.swift; path = StartingDate.swift; sourceTree = "<group>"; };
		3312C424206FC2CD00EB8BAC /* SubCourseTVCell.swift */ = {isa = PBXFileReference; lastKnownFileType = sourcecode.swift; path = SubCourseTVCell.swift; sourceTree = "<group>"; };
		3312C4262070564B00EB8BAC /* CourseProfileVC.swift */ = {isa = PBXFileReference; lastKnownFileType = sourcecode.swift; path = CourseProfileVC.swift; sourceTree = "<group>"; };
		332C8C7F2048835B00BE2646 /* MyCourses.app */ = {isa = PBXFileReference; explicitFileType = wrapper.application; includeInIndex = 0; path = MyCourses.app; sourceTree = BUILT_PRODUCTS_DIR; };
		332C8C822048835B00BE2646 /* AppDelegate.swift */ = {isa = PBXFileReference; lastKnownFileType = sourcecode.swift; path = AppDelegate.swift; sourceTree = "<group>"; };
		332C8C872048835B00BE2646 /* Base */ = {isa = PBXFileReference; lastKnownFileType = file.storyboard; name = Base; path = Base.lproj/Main.storyboard; sourceTree = "<group>"; };
		332C8C892048835B00BE2646 /* Assets.xcassets */ = {isa = PBXFileReference; lastKnownFileType = folder.assetcatalog; path = Assets.xcassets; sourceTree = "<group>"; };
		332C8C8C2048835B00BE2646 /* Base */ = {isa = PBXFileReference; lastKnownFileType = file.storyboard; name = Base; path = Base.lproj/LaunchScreen.storyboard; sourceTree = "<group>"; };
		332C8C8E2048835B00BE2646 /* Info.plist */ = {isa = PBXFileReference; lastKnownFileType = text.plist.xml; path = Info.plist; sourceTree = "<group>"; };
		332C8C952048846500BE2646 /* LoginMainVC.swift */ = {isa = PBXFileReference; lastKnownFileType = sourcecode.swift; path = LoginMainVC.swift; sourceTree = "<group>"; };
		332C8C9820488C5700BE2646 /* Extensions.swift */ = {isa = PBXFileReference; lastKnownFileType = sourcecode.swift; path = Extensions.swift; sourceTree = "<group>"; };
		336C658820794A110086C1E2 /* en */ = {isa = PBXFileReference; lastKnownFileType = text.plist.strings; name = en; path = en.lproj/Main.strings; sourceTree = "<group>"; };
		336C658A20794A750086C1E2 /* ar */ = {isa = PBXFileReference; lastKnownFileType = text.plist.strings; name = ar; path = ar.lproj/Main.strings; sourceTree = "<group>"; };
		336C658F20795DC30086C1E2 /* en */ = {isa = PBXFileReference; lastKnownFileType = text.plist.strings; name = en; path = en.lproj/localized.strings; sourceTree = "<group>"; };
		336C659120795DCD0086C1E2 /* ar */ = {isa = PBXFileReference; lastKnownFileType = text.plist.strings; name = ar; path = ar.lproj/localized.strings; sourceTree = "<group>"; };
		337C13E02056F603000E16CA /* CoursesTVC.swift */ = {isa = PBXFileReference; lastKnownFileType = sourcecode.swift; path = CoursesTVC.swift; sourceTree = "<group>"; };
		337C13E220570132000E16CA /* CentersMapVC.swift */ = {isa = PBXFileReference; lastKnownFileType = sourcecode.swift; path = CentersMapVC.swift; sourceTree = "<group>"; };
		337C13E420570D98000E16CA /* Center.swift */ = {isa = PBXFileReference; lastKnownFileType = sourcecode.swift; path = Center.swift; sourceTree = "<group>"; };
		33977E0A2058463400EC7509 /* My Courses.entitlements */ = {isa = PBXFileReference; lastKnownFileType = text.plist.entitlements; path = "My Courses.entitlements"; sourceTree = "<group>"; };
		33B465DB205443D400446F99 /* CompRegTVC.swift */ = {isa = PBXFileReference; lastKnownFileType = sourcecode.swift; path = CompRegTVC.swift; sourceTree = "<group>"; };
		33B465E020544B0E00446F99 /* Category.swift */ = {isa = PBXFileReference; lastKnownFileType = sourcecode.swift; path = Category.swift; sourceTree = "<group>"; };
		33B7938A2053EF1A00E84032 /* Consts.swift */ = {isa = PBXFileReference; lastKnownFileType = sourcecode.swift; path = Consts.swift; sourceTree = "<group>"; };
		33C342CD2066A3EB0079C189 /* GMUGradient.h */ = {isa = PBXFileReference; fileEncoding = 4; lastKnownFileType = sourcecode.c.h; path = GMUGradient.h; sourceTree = "<group>"; };
		33C342CE2066A3EB0079C189 /* GMUGradient.m */ = {isa = PBXFileReference; fileEncoding = 4; lastKnownFileType = sourcecode.c.objc; path = GMUGradient.m; sourceTree = "<group>"; };
		33C342CF2066A3EB0079C189 /* GMUHeatmapTileLayer.h */ = {isa = PBXFileReference; fileEncoding = 4; lastKnownFileType = sourcecode.c.h; path = GMUHeatmapTileLayer.h; sourceTree = "<group>"; };
		33C342D02066A3EB0079C189 /* GMUHeatmapTileLayer.m */ = {isa = PBXFileReference; fileEncoding = 4; lastKnownFileType = sourcecode.c.objc; path = GMUHeatmapTileLayer.m; sourceTree = "<group>"; };
		33C342D12066A3EB0079C189 /* GMUWeightedLatLng.h */ = {isa = PBXFileReference; fileEncoding = 4; lastKnownFileType = sourcecode.c.h; path = GMUWeightedLatLng.h; sourceTree = "<group>"; };
		33C342D22066A3EB0079C189 /* GMUWeightedLatLng.m */ = {isa = PBXFileReference; fileEncoding = 4; lastKnownFileType = sourcecode.c.objc; path = GMUWeightedLatLng.m; sourceTree = "<group>"; };
		33C342D52066A3EB0079C189 /* GMUClusterAlgorithm.h */ = {isa = PBXFileReference; fileEncoding = 4; lastKnownFileType = sourcecode.c.h; path = GMUClusterAlgorithm.h; sourceTree = "<group>"; };
		33C342D62066A3EB0079C189 /* GMUGridBasedClusterAlgorithm.h */ = {isa = PBXFileReference; fileEncoding = 4; lastKnownFileType = sourcecode.c.h; path = GMUGridBasedClusterAlgorithm.h; sourceTree = "<group>"; };
		33C342D72066A3EB0079C189 /* GMUGridBasedClusterAlgorithm.m */ = {isa = PBXFileReference; fileEncoding = 4; lastKnownFileType = sourcecode.c.objc; path = GMUGridBasedClusterAlgorithm.m; sourceTree = "<group>"; };
		33C342D82066A3EB0079C189 /* GMUNonHierarchicalDistanceBasedAlgorithm.h */ = {isa = PBXFileReference; fileEncoding = 4; lastKnownFileType = sourcecode.c.h; path = GMUNonHierarchicalDistanceBasedAlgorithm.h; sourceTree = "<group>"; };
		33C342D92066A3EB0079C189 /* GMUNonHierarchicalDistanceBasedAlgorithm.m */ = {isa = PBXFileReference; fileEncoding = 4; lastKnownFileType = sourcecode.c.objc; path = GMUNonHierarchicalDistanceBasedAlgorithm.m; sourceTree = "<group>"; };
		33C342DA2066A3EB0079C189 /* GMUSimpleClusterAlgorithm.h */ = {isa = PBXFileReference; fileEncoding = 4; lastKnownFileType = sourcecode.c.h; path = GMUSimpleClusterAlgorithm.h; sourceTree = "<group>"; };
		33C342DB2066A3EB0079C189 /* GMUSimpleClusterAlgorithm.m */ = {isa = PBXFileReference; fileEncoding = 4; lastKnownFileType = sourcecode.c.objc; path = GMUSimpleClusterAlgorithm.m; sourceTree = "<group>"; };
		33C342DC2066A3EB0079C189 /* GMUWrappingDictionaryKey.h */ = {isa = PBXFileReference; fileEncoding = 4; lastKnownFileType = sourcecode.c.h; path = GMUWrappingDictionaryKey.h; sourceTree = "<group>"; };
		33C342DD2066A3EB0079C189 /* GMUWrappingDictionaryKey.m */ = {isa = PBXFileReference; fileEncoding = 4; lastKnownFileType = sourcecode.c.objc; path = GMUWrappingDictionaryKey.m; sourceTree = "<group>"; };
		33C342DE2066A3EB0079C189 /* GMUCluster.h */ = {isa = PBXFileReference; fileEncoding = 4; lastKnownFileType = sourcecode.c.h; path = GMUCluster.h; sourceTree = "<group>"; };
		33C342DF2066A3EB0079C189 /* GMUClusterItem.h */ = {isa = PBXFileReference; fileEncoding = 4; lastKnownFileType = sourcecode.c.h; path = GMUClusterItem.h; sourceTree = "<group>"; };
		33C342E02066A3EB0079C189 /* GMUClusterManager+Testing.h */ = {isa = PBXFileReference; fileEncoding = 4; lastKnownFileType = sourcecode.c.h; path = "GMUClusterManager+Testing.h"; sourceTree = "<group>"; };
		33C342E12066A3EB0079C189 /* GMUClusterManager.h */ = {isa = PBXFileReference; fileEncoding = 4; lastKnownFileType = sourcecode.c.h; path = GMUClusterManager.h; sourceTree = "<group>"; };
		33C342E22066A3EB0079C189 /* GMUClusterManager.m */ = {isa = PBXFileReference; fileEncoding = 4; lastKnownFileType = sourcecode.c.objc; path = GMUClusterManager.m; sourceTree = "<group>"; };
		33C342E32066A3EB0079C189 /* GMUMarkerClustering.h */ = {isa = PBXFileReference; fileEncoding = 4; lastKnownFileType = sourcecode.c.h; path = GMUMarkerClustering.h; sourceTree = "<group>"; };
		33C342E42066A3EB0079C189 /* GMUStaticCluster.h */ = {isa = PBXFileReference; fileEncoding = 4; lastKnownFileType = sourcecode.c.h; path = GMUStaticCluster.h; sourceTree = "<group>"; };
		33C342E52066A3EB0079C189 /* GMUStaticCluster.m */ = {isa = PBXFileReference; fileEncoding = 4; lastKnownFileType = sourcecode.c.objc; path = GMUStaticCluster.m; sourceTree = "<group>"; };
		33C342E72066A3EB0079C189 /* GMUClusterIconGenerator.h */ = {isa = PBXFileReference; fileEncoding = 4; lastKnownFileType = sourcecode.c.h; path = GMUClusterIconGenerator.h; sourceTree = "<group>"; };
		33C342E82066A3EB0079C189 /* GMUClusterRenderer.h */ = {isa = PBXFileReference; fileEncoding = 4; lastKnownFileType = sourcecode.c.h; path = GMUClusterRenderer.h; sourceTree = "<group>"; };
		33C342E92066A3EB0079C189 /* GMUDefaultClusterIconGenerator+Testing.h */ = {isa = PBXFileReference; fileEncoding = 4; lastKnownFileType = sourcecode.c.h; path = "GMUDefaultClusterIconGenerator+Testing.h"; sourceTree = "<group>"; };
		33C342EA2066A3EB0079C189 /* GMUDefaultClusterIconGenerator.h */ = {isa = PBXFileReference; fileEncoding = 4; lastKnownFileType = sourcecode.c.h; path = GMUDefaultClusterIconGenerator.h; sourceTree = "<group>"; };
		33C342EB2066A3EB0079C189 /* GMUDefaultClusterIconGenerator.m */ = {isa = PBXFileReference; fileEncoding = 4; lastKnownFileType = sourcecode.c.objc; path = GMUDefaultClusterIconGenerator.m; sourceTree = "<group>"; };
		33C342EC2066A3EB0079C189 /* GMUDefaultClusterRenderer+Testing.h */ = {isa = PBXFileReference; fileEncoding = 4; lastKnownFileType = sourcecode.c.h; path = "GMUDefaultClusterRenderer+Testing.h"; sourceTree = "<group>"; };
		33C342ED2066A3EB0079C189 /* GMUDefaultClusterRenderer.h */ = {isa = PBXFileReference; fileEncoding = 4; lastKnownFileType = sourcecode.c.h; path = GMUDefaultClusterRenderer.h; sourceTree = "<group>"; };
		33C342EE2066A3EB0079C189 /* GMUDefaultClusterRenderer.m */ = {isa = PBXFileReference; fileEncoding = 4; lastKnownFileType = sourcecode.c.objc; path = GMUDefaultClusterRenderer.m; sourceTree = "<group>"; };
		33C342F02066A3EB0079C189 /* GMUGeoJSONParser.h */ = {isa = PBXFileReference; fileEncoding = 4; lastKnownFileType = sourcecode.c.h; path = GMUGeoJSONParser.h; sourceTree = "<group>"; };
		33C342F12066A3EB0079C189 /* GMUGeoJSONParser.m */ = {isa = PBXFileReference; fileEncoding = 4; lastKnownFileType = sourcecode.c.objc; path = GMUGeoJSONParser.m; sourceTree = "<group>"; };
		33C342F22066A3EB0079C189 /* GMUGeometryRenderer+Testing.h */ = {isa = PBXFileReference; fileEncoding = 4; lastKnownFileType = sourcecode.c.h; path = "GMUGeometryRenderer+Testing.h"; sourceTree = "<group>"; };
		33C342F32066A3EB0079C189 /* GMUGeometryRenderer.h */ = {isa = PBXFileReference; fileEncoding = 4; lastKnownFileType = sourcecode.c.h; path = GMUGeometryRenderer.h; sourceTree = "<group>"; };
		33C342F42066A3EB0079C189 /* GMUGeometryRenderer.m */ = {isa = PBXFileReference; fileEncoding = 4; lastKnownFileType = sourcecode.c.objc; path = GMUGeometryRenderer.m; sourceTree = "<group>"; };
		33C342F52066A3EB0079C189 /* GMUKMLParser.h */ = {isa = PBXFileReference; fileEncoding = 4; lastKnownFileType = sourcecode.c.h; path = GMUKMLParser.h; sourceTree = "<group>"; };
		33C342F62066A3EB0079C189 /* GMUKMLParser.m */ = {isa = PBXFileReference; fileEncoding = 4; lastKnownFileType = sourcecode.c.objc; path = GMUKMLParser.m; sourceTree = "<group>"; };
		33C342F82066A3EB0079C189 /* GMUFeature.h */ = {isa = PBXFileReference; fileEncoding = 4; lastKnownFileType = sourcecode.c.h; path = GMUFeature.h; sourceTree = "<group>"; };
		33C342F92066A3EB0079C189 /* GMUFeature.m */ = {isa = PBXFileReference; fileEncoding = 4; lastKnownFileType = sourcecode.c.objc; path = GMUFeature.m; sourceTree = "<group>"; };
		33C342FA2066A3EB0079C189 /* GMUGeometry.h */ = {isa = PBXFileReference; fileEncoding = 4; lastKnownFileType = sourcecode.c.h; path = GMUGeometry.h; sourceTree = "<group>"; };
		33C342FB2066A3EB0079C189 /* GMUGeometryCollection.h */ = {isa = PBXFileReference; fileEncoding = 4; lastKnownFileType = sourcecode.c.h; path = GMUGeometryCollection.h; sourceTree = "<group>"; };
		33C342FC2066A3EB0079C189 /* GMUGeometryCollection.m */ = {isa = PBXFileReference; fileEncoding = 4; lastKnownFileType = sourcecode.c.objc; path = GMUGeometryCollection.m; sourceTree = "<group>"; };
		33C342FD2066A3EB0079C189 /* GMUGeometryContainer.h */ = {isa = PBXFileReference; fileEncoding = 4; lastKnownFileType = sourcecode.c.h; path = GMUGeometryContainer.h; sourceTree = "<group>"; };
		33C342FE2066A3EB0079C189 /* GMUGroundOverlay.h */ = {isa = PBXFileReference; fileEncoding = 4; lastKnownFileType = sourcecode.c.h; path = GMUGroundOverlay.h; sourceTree = "<group>"; };
		33C342FF2066A3EB0079C189 /* GMUGroundOverlay.m */ = {isa = PBXFileReference; fileEncoding = 4; lastKnownFileType = sourcecode.c.objc; path = GMUGroundOverlay.m; sourceTree = "<group>"; };
		33C343002066A3EB0079C189 /* GMULineString.h */ = {isa = PBXFileReference; fileEncoding = 4; lastKnownFileType = sourcecode.c.h; path = GMULineString.h; sourceTree = "<group>"; };
		33C343012066A3EB0079C189 /* GMULineString.m */ = {isa = PBXFileReference; fileEncoding = 4; lastKnownFileType = sourcecode.c.objc; path = GMULineString.m; sourceTree = "<group>"; };
		33C343022066A3EB0079C189 /* GMUPlacemark.h */ = {isa = PBXFileReference; fileEncoding = 4; lastKnownFileType = sourcecode.c.h; path = GMUPlacemark.h; sourceTree = "<group>"; };
		33C343032066A3EB0079C189 /* GMUPlacemark.m */ = {isa = PBXFileReference; fileEncoding = 4; lastKnownFileType = sourcecode.c.objc; path = GMUPlacemark.m; sourceTree = "<group>"; };
		33C343042066A3EB0079C189 /* GMUPoint.h */ = {isa = PBXFileReference; fileEncoding = 4; lastKnownFileType = sourcecode.c.h; path = GMUPoint.h; sourceTree = "<group>"; };
		33C343052066A3EB0079C189 /* GMUPoint.m */ = {isa = PBXFileReference; fileEncoding = 4; lastKnownFileType = sourcecode.c.objc; path = GMUPoint.m; sourceTree = "<group>"; };
		33C343062066A3EB0079C189 /* GMUPolygon.h */ = {isa = PBXFileReference; fileEncoding = 4; lastKnownFileType = sourcecode.c.h; path = GMUPolygon.h; sourceTree = "<group>"; };
		33C343072066A3EB0079C189 /* GMUPolygon.m */ = {isa = PBXFileReference; fileEncoding = 4; lastKnownFileType = sourcecode.c.objc; path = GMUPolygon.m; sourceTree = "<group>"; };
		33C343082066A3EB0079C189 /* GMUStyle.h */ = {isa = PBXFileReference; fileEncoding = 4; lastKnownFileType = sourcecode.c.h; path = GMUStyle.h; sourceTree = "<group>"; };
		33C343092066A3EB0079C189 /* GMUStyle.m */ = {isa = PBXFileReference; fileEncoding = 4; lastKnownFileType = sourcecode.c.objc; path = GMUStyle.m; sourceTree = "<group>"; };
		33C3430B2066A3EB0079C189 /* GQTBounds.h */ = {isa = PBXFileReference; fileEncoding = 4; lastKnownFileType = sourcecode.c.h; path = GQTBounds.h; sourceTree = "<group>"; };
		33C3430C2066A3EB0079C189 /* GQTPoint.h */ = {isa = PBXFileReference; fileEncoding = 4; lastKnownFileType = sourcecode.c.h; path = GQTPoint.h; sourceTree = "<group>"; };
		33C3430D2066A3EB0079C189 /* GQTPointQuadTree.h */ = {isa = PBXFileReference; fileEncoding = 4; lastKnownFileType = sourcecode.c.h; path = GQTPointQuadTree.h; sourceTree = "<group>"; };
		33C3430E2066A3EB0079C189 /* GQTPointQuadTree.m */ = {isa = PBXFileReference; fileEncoding = 4; lastKnownFileType = sourcecode.c.objc; path = GQTPointQuadTree.m; sourceTree = "<group>"; };
		33C3430F2066A3EB0079C189 /* GQTPointQuadTreeChild.h */ = {isa = PBXFileReference; fileEncoding = 4; lastKnownFileType = sourcecode.c.h; path = GQTPointQuadTreeChild.h; sourceTree = "<group>"; };
		33C343102066A3EB0079C189 /* GQTPointQuadTreeChild.m */ = {isa = PBXFileReference; fileEncoding = 4; lastKnownFileType = sourcecode.c.objc; path = GQTPointQuadTreeChild.m; sourceTree = "<group>"; };
		33C343112066A3EB0079C189 /* GQTPointQuadTreeItem.h */ = {isa = PBXFileReference; fileEncoding = 4; lastKnownFileType = sourcecode.c.h; path = GQTPointQuadTreeItem.h; sourceTree = "<group>"; };
		33C3432B2066AE340079C189 /* MyCourses-Bridging-Header.h */ = {isa = PBXFileReference; lastKnownFileType = sourcecode.c.h; path = "MyCourses-Bridging-Header.h"; sourceTree = "<group>"; };
		33CD9EA3204DB18600579125 /* RegisterPage.swift */ = {isa = PBXFileReference; lastKnownFileType = sourcecode.swift; path = RegisterPage.swift; sourceTree = "<group>"; };
		33E198C4207136DB0073328B /* CourseProfileVP.swift */ = {isa = PBXFileReference; lastKnownFileType = sourcecode.swift; path = CourseProfileVP.swift; sourceTree = "<group>"; };
		33E198C62071536C0073328B /* CenterInfoTVC.swift */ = {isa = PBXFileReference; lastKnownFileType = sourcecode.swift; path = CenterInfoTVC.swift; sourceTree = "<group>"; };
		33E198C82071564D0073328B /* CenterInfoTVCell.swift */ = {isa = PBXFileReference; lastKnownFileType = sourcecode.swift; path = CenterInfoTVCell.swift; sourceTree = "<group>"; };
		33E198CA20715A830073328B /* CenterProfileVC.swift */ = {isa = PBXFileReference; lastKnownFileType = sourcecode.swift; path = CenterProfileVC.swift; sourceTree = "<group>"; };
		33E198CC207169390073328B /* CenterProfileVP.swift */ = {isa = PBXFileReference; lastKnownFileType = sourcecode.swift; path = CenterProfileVP.swift; sourceTree = "<group>"; };
		33E60EEF206D427F008EE27A /* Booking.swift */ = {isa = PBXFileReference; lastKnownFileType = sourcecode.swift; path = Booking.swift; sourceTree = "<group>"; };
		33E91D622071B6E500DEFEEE /* BookCourseVC.swift */ = {isa = PBXFileReference; lastKnownFileType = sourcecode.swift; path = BookCourseVC.swift; sourceTree = "<group>"; };
		33E91D662071B76900DEFEEE /* BookCourseTVC.swift */ = {isa = PBXFileReference; lastKnownFileType = sourcecode.swift; path = BookCourseTVC.swift; sourceTree = "<group>"; };
		33E91D682071B77C00DEFEEE /* BookCourseVP.swift */ = {isa = PBXFileReference; lastKnownFileType = sourcecode.swift; path = BookCourseVP.swift; sourceTree = "<group>"; };
		33E91D6F2071C6D000DEFEEE /* PromoCode.swift */ = {isa = PBXFileReference; lastKnownFileType = sourcecode.swift; path = PromoCode.swift; sourceTree = "<group>"; };
		33E91D712071DFAA00DEFEEE /* PromotionsTVC.swift */ = {isa = PBXFileReference; lastKnownFileType = sourcecode.swift; path = PromotionsTVC.swift; sourceTree = "<group>"; };
		33E91D732071E15100DEFEEE /* PromotionTVCell.swift */ = {isa = PBXFileReference; lastKnownFileType = sourcecode.swift; path = PromotionTVCell.swift; sourceTree = "<group>"; };
		33E91D752071E9EC00DEFEEE /* QRScanner.swift */ = {isa = PBXFileReference; lastKnownFileType = sourcecode.swift; path = QRScanner.swift; sourceTree = "<group>"; };
		33ED5967206823B5005F29F6 /* BookingsTVC.swift */ = {isa = PBXFileReference; lastKnownFileType = sourcecode.swift; path = BookingsTVC.swift; sourceTree = "<group>"; };
		33ED59692068352A005F29F6 /* BookingTVCell.swift */ = {isa = PBXFileReference; lastKnownFileType = sourcecode.swift; path = BookingTVCell.swift; sourceTree = "<group>"; };
		33FE11602048A2EA00A01923 /* LoginPage.swift */ = {isa = PBXFileReference; lastKnownFileType = sourcecode.swift; path = LoginPage.swift; sourceTree = "<group>"; };
		5D04678EA58C0DF83244740D /* Pods-My Courses.release.xcconfig */ = {isa = PBXFileReference; includeInIndex = 1; lastKnownFileType = text.xcconfig; name = "Pods-My Courses.release.xcconfig"; path = "Pods/Target Support Files/Pods-My Courses/Pods-My Courses.release.xcconfig"; sourceTree = "<group>"; };
		671BE70EF92A619FB40277CD /* Pods-My Courses.debug.xcconfig */ = {isa = PBXFileReference; includeInIndex = 1; lastKnownFileType = text.xcconfig; name = "Pods-My Courses.debug.xcconfig"; path = "Pods/Target Support Files/Pods-My Courses/Pods-My Courses.debug.xcconfig"; sourceTree = "<group>"; };
		6744C611725DF4C39C441494 /* Pods_MyCourses.framework */ = {isa = PBXFileReference; explicitFileType = wrapper.framework; includeInIndex = 0; path = Pods_MyCourses.framework; sourceTree = BUILT_PRODUCTS_DIR; };
		A618C8BB53319A6122C54AB6 /* Pods-MyCourses.release.xcconfig */ = {isa = PBXFileReference; includeInIndex = 1; lastKnownFileType = text.xcconfig; name = "Pods-MyCourses.release.xcconfig"; path = "Pods/Target Support Files/Pods-MyCourses/Pods-MyCourses.release.xcconfig"; sourceTree = "<group>"; };
		BE053EC89A3C4784FC5CC53F /* Pods-MyCourses.debug.xcconfig */ = {isa = PBXFileReference; includeInIndex = 1; lastKnownFileType = text.xcconfig; name = "Pods-MyCourses.debug.xcconfig"; path = "Pods/Target Support Files/Pods-MyCourses/Pods-MyCourses.debug.xcconfig"; sourceTree = "<group>"; };
/* End PBXFileReference section */

/* Begin PBXFrameworksBuildPhase section */
		332C8C7C2048835B00BE2646 /* Frameworks */ = {
			isa = PBXFrameworksBuildPhase;
			buildActionMask = 2147483647;
			files = (
				3300BC1E20735525007A1967 /* UIKit.framework in Frameworks */,
				3300BC1C20735520007A1967 /* SystemConfiguration.framework in Frameworks */,
				3300BC1A20735518007A1967 /* QuartzCore.framework in Frameworks */,
				3300BC182073550E007A1967 /* OpenGLES.framework in Frameworks */,
				3300BC1620735503007A1967 /* libc++.tbd in Frameworks */,
				3300BC14207354F6007A1967 /* ImageIO.framework in Frameworks */,
				3300BC12207354E8007A1967 /* GLKit.framework in Frameworks */,
				3300BC10207354E1007A1967 /* CoreText.framework in Frameworks */,
				3300BC0E207354D4007A1967 /* CoreTelephony.framework in Frameworks */,
				3300BC0C207354CE007A1967 /* CoreLocation.framework in Frameworks */,
				3300BC0A207354BD007A1967 /* CoreImage.framework in Frameworks */,
				3300BC08207354B7007A1967 /* CoreGraphics.framework in Frameworks */,
				3300BC06207354AC007A1967 /* CoreData.framework in Frameworks */,
				3300BC04207354A1007A1967 /* Accelerate.framework in Frameworks */,
				3300BC022073548D007A1967 /* libz.tbd in Frameworks */,
				89EF9C3A20D5FF927B82732C /* Pods_MyCourses.framework in Frameworks */,
			);
			runOnlyForDeploymentPostprocessing = 0;
		};
/* End PBXFrameworksBuildPhase section */

/* Begin PBXGroup section */
		332C8C762048835B00BE2646 = {
			isa = PBXGroup;
			children = (
				332C8C812048835B00BE2646 /* My Courses */,
				332C8C802048835B00BE2646 /* Products */,
				FC36C7917CE1B861F2C6930D /* Pods */,
				DFEA15D21A49D5C2129ABDED /* Frameworks */,
			);
			sourceTree = "<group>";
		};
		332C8C802048835B00BE2646 /* Products */ = {
			isa = PBXGroup;
			children = (
				332C8C7F2048835B00BE2646 /* MyCourses.app */,
			);
			name = Products;
			sourceTree = "<group>";
		};
		332C8C812048835B00BE2646 /* My Courses */ = {
			isa = PBXGroup;
			children = (
				33977E0A2058463400EC7509 /* My Courses.entitlements */,
				33B465DF20544AFF00446F99 /* Models */,
				33FE115F2048A2CD00A01923 /* Cells */,
				332C8C9720488C4100BE2646 /* Helper */,
				332C8C94204883C800BE2646 /* Contollers */,
				332C8C822048835B00BE2646 /* AppDelegate.swift */,
				332C8C862048835B00BE2646 /* Main.storyboard */,
				332C8C892048835B00BE2646 /* Assets.xcassets */,
				332C8C8B2048835B00BE2646 /* LaunchScreen.storyboard */,
				332C8C8E2048835B00BE2646 /* Info.plist */,
			);
			path = "My Courses";
			sourceTree = "<group>";
		};
		332C8C94204883C800BE2646 /* Contollers */ = {
			isa = PBXGroup;
			children = (
				33041BE2205546F00087FF00 /* SplashVC.swift */,
				33041BE6205563C80087FF00 /* HomeTVC.swift */,
				33E91D6B2071B7A500DEFEEE /* Side Menu */,
				33E91D6C2071B7B000DEFEEE /* Registration */,
				33E91D6D2071B7C900DEFEEE /* Courses */,
				33E91D6E2071B7F600DEFEEE /* Centers */,
				33E91D6A2071B78700DEFEEE /* Book Course */,
			);
			path = Contollers;
			sourceTree = "<group>";
		};
		332C8C9720488C4100BE2646 /* Helper */ = {
			isa = PBXGroup;
			children = (
				336C659020795DC30086C1E2 /* localized.strings */,
				33C342C32066A3530079C189 /* Google-Maps-iOS-Utils */,
				332C8C9820488C5700BE2646 /* Extensions.swift */,
				33B7938A2053EF1A00E84032 /* Consts.swift */,
			);
			path = Helper;
			sourceTree = "<group>";
		};
		33B465DF20544AFF00446F99 /* Models */ = {
			isa = PBXGroup;
			children = (
				33B465E020544B0E00446F99 /* Category.swift */,
				33041BEA2055A3B30087FF00 /* Course.swift */,
				337C13E420570D98000E16CA /* Center.swift */,
				33E60EEF206D427F008EE27A /* Booking.swift */,
				3312C420206FBE7D00EB8BAC /* SubCourse.swift */,
				3312C422206FBF1C00EB8BAC /* StartingDate.swift */,
				33E91D6F2071C6D000DEFEEE /* PromoCode.swift */,
			);
			path = Models;
			sourceTree = "<group>";
		};
		33C342C32066A3530079C189 /* Google-Maps-iOS-Utils */ = {
			isa = PBXGroup;
			children = (
				33C3432B2066AE340079C189 /* MyCourses-Bridging-Header.h */,
				33C342DE2066A3EB0079C189 /* GMUCluster.h */,
				33C342DF2066A3EB0079C189 /* GMUClusterItem.h */,
				33C342E02066A3EB0079C189 /* GMUClusterManager+Testing.h */,
				33C342E12066A3EB0079C189 /* GMUClusterManager.h */,
				33C342E22066A3EB0079C189 /* GMUClusterManager.m */,
				33C342E32066A3EB0079C189 /* GMUMarkerClustering.h */,
				33C342E42066A3EB0079C189 /* GMUStaticCluster.h */,
				33C342E52066A3EB0079C189 /* GMUStaticCluster.m */,
				33C342E72066A3EB0079C189 /* GMUClusterIconGenerator.h */,
				33C342E82066A3EB0079C189 /* GMUClusterRenderer.h */,
				33C342E92066A3EB0079C189 /* GMUDefaultClusterIconGenerator+Testing.h */,
				33C342EA2066A3EB0079C189 /* GMUDefaultClusterIconGenerator.h */,
				33C342EB2066A3EB0079C189 /* GMUDefaultClusterIconGenerator.m */,
				33C342EC2066A3EB0079C189 /* GMUDefaultClusterRenderer+Testing.h */,
				33C342ED2066A3EB0079C189 /* GMUDefaultClusterRenderer.h */,
				33C342EE2066A3EB0079C189 /* GMUDefaultClusterRenderer.m */,
				33C342D52066A3EB0079C189 /* GMUClusterAlgorithm.h */,
				33C342D62066A3EB0079C189 /* GMUGridBasedClusterAlgorithm.h */,
				33C342D72066A3EB0079C189 /* GMUGridBasedClusterAlgorithm.m */,
				33C342D82066A3EB0079C189 /* GMUNonHierarchicalDistanceBasedAlgorithm.h */,
				33C342D92066A3EB0079C189 /* GMUNonHierarchicalDistanceBasedAlgorithm.m */,
				33C342DA2066A3EB0079C189 /* GMUSimpleClusterAlgorithm.h */,
				33C342DB2066A3EB0079C189 /* GMUSimpleClusterAlgorithm.m */,
				33C342DC2066A3EB0079C189 /* GMUWrappingDictionaryKey.h */,
				33C342DD2066A3EB0079C189 /* GMUWrappingDictionaryKey.m */,
				33C3430B2066A3EB0079C189 /* GQTBounds.h */,
				33C3430C2066A3EB0079C189 /* GQTPoint.h */,
				33C3430D2066A3EB0079C189 /* GQTPointQuadTree.h */,
				33C3430E2066A3EB0079C189 /* GQTPointQuadTree.m */,
				33C3430F2066A3EB0079C189 /* GQTPointQuadTreeChild.h */,
				33C343102066A3EB0079C189 /* GQTPointQuadTreeChild.m */,
				33C343112066A3EB0079C189 /* GQTPointQuadTreeItem.h */,
				33C342D32066A3EB0079C189 /* Clustering */,
				33C342EF2066A3EB0079C189 /* Geometry */,
				33C342CC2066A3EB0079C189 /* Heatmap */,
				33C3430A2066A3EB0079C189 /* QuadTree */,
			);
			path = "Google-Maps-iOS-Utils";
			sourceTree = "<group>";
		};
		33C342CC2066A3EB0079C189 /* Heatmap */ = {
			isa = PBXGroup;
			children = (
				33C342CD2066A3EB0079C189 /* GMUGradient.h */,
				33C342CE2066A3EB0079C189 /* GMUGradient.m */,
				33C342CF2066A3EB0079C189 /* GMUHeatmapTileLayer.h */,
				33C342D02066A3EB0079C189 /* GMUHeatmapTileLayer.m */,
				33C342D12066A3EB0079C189 /* GMUWeightedLatLng.h */,
				33C342D22066A3EB0079C189 /* GMUWeightedLatLng.m */,
			);
			path = Heatmap;
			sourceTree = "<group>";
		};
		33C342D32066A3EB0079C189 /* Clustering */ = {
			isa = PBXGroup;
			children = (
				33C342D42066A3EB0079C189 /* Algo */,
				33C342E62066A3EB0079C189 /* View */,
			);
			path = Clustering;
			sourceTree = "<group>";
		};
		33C342D42066A3EB0079C189 /* Algo */ = {
			isa = PBXGroup;
			children = (
			);
			path = Algo;
			sourceTree = "<group>";
		};
		33C342E62066A3EB0079C189 /* View */ = {
			isa = PBXGroup;
			children = (
			);
			path = View;
			sourceTree = "<group>";
		};
		33C342EF2066A3EB0079C189 /* Geometry */ = {
			isa = PBXGroup;
			children = (
				33C342F02066A3EB0079C189 /* GMUGeoJSONParser.h */,
				33C342F12066A3EB0079C189 /* GMUGeoJSONParser.m */,
				33C342F22066A3EB0079C189 /* GMUGeometryRenderer+Testing.h */,
				33C342F32066A3EB0079C189 /* GMUGeometryRenderer.h */,
				33C342F42066A3EB0079C189 /* GMUGeometryRenderer.m */,
				33C342F52066A3EB0079C189 /* GMUKMLParser.h */,
				33C342F62066A3EB0079C189 /* GMUKMLParser.m */,
				33C342F72066A3EB0079C189 /* Model */,
			);
			path = Geometry;
			sourceTree = "<group>";
		};
		33C342F72066A3EB0079C189 /* Model */ = {
			isa = PBXGroup;
			children = (
				33C342F82066A3EB0079C189 /* GMUFeature.h */,
				33C342F92066A3EB0079C189 /* GMUFeature.m */,
				33C342FA2066A3EB0079C189 /* GMUGeometry.h */,
				33C342FB2066A3EB0079C189 /* GMUGeometryCollection.h */,
				33C342FC2066A3EB0079C189 /* GMUGeometryCollection.m */,
				33C342FD2066A3EB0079C189 /* GMUGeometryContainer.h */,
				33C342FE2066A3EB0079C189 /* GMUGroundOverlay.h */,
				33C342FF2066A3EB0079C189 /* GMUGroundOverlay.m */,
				33C343002066A3EB0079C189 /* GMULineString.h */,
				33C343012066A3EB0079C189 /* GMULineString.m */,
				33C343022066A3EB0079C189 /* GMUPlacemark.h */,
				33C343032066A3EB0079C189 /* GMUPlacemark.m */,
				33C343042066A3EB0079C189 /* GMUPoint.h */,
				33C343052066A3EB0079C189 /* GMUPoint.m */,
				33C343062066A3EB0079C189 /* GMUPolygon.h */,
				33C343072066A3EB0079C189 /* GMUPolygon.m */,
				33C343082066A3EB0079C189 /* GMUStyle.h */,
				33C343092066A3EB0079C189 /* GMUStyle.m */,
			);
			path = Model;
			sourceTree = "<group>";
		};
		33C3430A2066A3EB0079C189 /* QuadTree */ = {
			isa = PBXGroup;
			children = (
			);
			path = QuadTree;
			sourceTree = "<group>";
		};
		33E91D6A2071B78700DEFEEE /* Book Course */ = {
			isa = PBXGroup;
			children = (
				33E91D622071B6E500DEFEEE /* BookCourseVC.swift */,
				33E91D682071B77C00DEFEEE /* BookCourseVP.swift */,
				33E91D662071B76900DEFEEE /* BookCourseTVC.swift */,
			);
			path = "Book Course";
			sourceTree = "<group>";
		};
		33E91D6B2071B7A500DEFEEE /* Side Menu */ = {
			isa = PBXGroup;
			children = (
				33041BE42055499C0087FF00 /* SideMenuVC.swift */,
				33ED5967206823B5005F29F6 /* BookingsTVC.swift */,
				33E91D712071DFAA00DEFEEE /* PromotionsTVC.swift */,
				33E91D752071E9EC00DEFEEE /* QRScanner.swift */,
				33075BB22073099C0078CCE5 /* SettingsTVC.swift */,
			);
			path = "Side Menu";
			sourceTree = "<group>";
		};
		33E91D6C2071B7B000DEFEEE /* Registration */ = {
			isa = PBXGroup;
			children = (
				332C8C952048846500BE2646 /* LoginMainVC.swift */,
				33B465DB205443D400446F99 /* CompRegTVC.swift */,
			);
			path = Registration;
			sourceTree = "<group>";
		};
		33E91D6D2071B7C900DEFEEE /* Courses */ = {
			isa = PBXGroup;
			children = (
				33041BE82055A09B0087FF00 /* RecommendedCVC.swift */,
				33041BEE20561C260087FF00 /* CoursesDiscoverTVC.swift */,
				337C13E02056F603000E16CA /* CoursesTVC.swift */,
				3312C4262070564B00EB8BAC /* CourseProfileVC.swift */,
				33E198C4207136DB0073328B /* CourseProfileVP.swift */,
			);
			path = Courses;
			sourceTree = "<group>";
		};
		33E91D6E2071B7F600DEFEEE /* Centers */ = {
			isa = PBXGroup;
			children = (
				337C13E220570132000E16CA /* CentersMapVC.swift */,
				33E198CA20715A830073328B /* CenterProfileVC.swift */,
				33E198CC207169390073328B /* CenterProfileVP.swift */,
				33E198C62071536C0073328B /* CenterInfoTVC.swift */,
				3312C41E206FBE6700EB8BAC /* SubCoursesTVC.swift */,
			);
			path = Centers;
			sourceTree = "<group>";
		};
		33FE115F2048A2CD00A01923 /* Cells */ = {
			isa = PBXGroup;
			children = (
				33FE11602048A2EA00A01923 /* LoginPage.swift */,
				33CD9EA3204DB18600579125 /* RegisterPage.swift */,
				33041BEC2055A4C30087FF00 /* RecCourseCell.swift */,
				33041BF020561DEA0087FF00 /* CoursesDiscoverTVCell.swift */,
				33ED59692068352A005F29F6 /* BookingTVCell.swift */,
				3312C424206FC2CD00EB8BAC /* SubCourseTVCell.swift */,
				33E198C82071564D0073328B /* CenterInfoTVCell.swift */,
				33E91D732071E15100DEFEEE /* PromotionTVCell.swift */,
			);
			path = Cells;
			sourceTree = "<group>";
		};
		DFEA15D21A49D5C2129ABDED /* Frameworks */ = {
			isa = PBXGroup;
			children = (
				3300BC1D20735525007A1967 /* UIKit.framework */,
				3300BC1B20735520007A1967 /* SystemConfiguration.framework */,
				3300BC1920735518007A1967 /* QuartzCore.framework */,
				3300BC172073550E007A1967 /* OpenGLES.framework */,
				3300BC1520735503007A1967 /* libc++.tbd */,
				3300BC13207354F6007A1967 /* ImageIO.framework */,
				3300BC11207354E8007A1967 /* GLKit.framework */,
				3300BC0F207354E1007A1967 /* CoreText.framework */,
				3300BC0D207354D4007A1967 /* CoreTelephony.framework */,
				3300BC0B207354CE007A1967 /* CoreLocation.framework */,
				3300BC09207354BD007A1967 /* CoreImage.framework */,
				3300BC07207354B7007A1967 /* CoreGraphics.framework */,
				3300BC05207354AC007A1967 /* CoreData.framework */,
				3300BC03207354A1007A1967 /* Accelerate.framework */,
				3300BC012073548D007A1967 /* libz.tbd */,
				0AE40D41259753C29E45E99B /* Pods_My_Courses.framework */,
				6744C611725DF4C39C441494 /* Pods_MyCourses.framework */,
			);
			name = Frameworks;
			sourceTree = "<group>";
		};
		FC36C7917CE1B861F2C6930D /* Pods */ = {
			isa = PBXGroup;
			children = (
				671BE70EF92A619FB40277CD /* Pods-My Courses.debug.xcconfig */,
				5D04678EA58C0DF83244740D /* Pods-My Courses.release.xcconfig */,
				BE053EC89A3C4784FC5CC53F /* Pods-MyCourses.debug.xcconfig */,
				A618C8BB53319A6122C54AB6 /* Pods-MyCourses.release.xcconfig */,
			);
			name = Pods;
			sourceTree = "<group>";
		};
/* End PBXGroup section */

/* Begin PBXNativeTarget section */
		332C8C7E2048835B00BE2646 /* MyCourses */ = {
			isa = PBXNativeTarget;
			buildConfigurationList = 332C8C912048835B00BE2646 /* Build configuration list for PBXNativeTarget "MyCourses" */;
			buildPhases = (
				9BDE9A41004DFD6F7C62A83D /* [CP] Check Pods Manifest.lock */,
				332C8C7B2048835B00BE2646 /* Sources */,
				332C8C7C2048835B00BE2646 /* Frameworks */,
				332C8C7D2048835B00BE2646 /* Resources */,
				4CA3A72174A230E0DC0C0E68 /* [CP] Embed Pods Frameworks */,
				9D93BD78932646F5616D5244 /* [CP] Copy Pods Resources */,
			);
			buildRules = (
			);
			dependencies = (
			);
			name = MyCourses;
			productName = "My Courses";
			productReference = 332C8C7F2048835B00BE2646 /* MyCourses.app */;
			productType = "com.apple.product-type.application";
		};
/* End PBXNativeTarget section */

/* Begin PBXProject section */
		332C8C772048835B00BE2646 /* Project object */ = {
			isa = PBXProject;
			attributes = {
				LastSwiftUpdateCheck = 0900;
				LastUpgradeCheck = 0900;
				ORGANIZATIONNAME = "My Courses";
				TargetAttributes = {
					332C8C7E2048835B00BE2646 = {
						CreatedOnToolsVersion = 9.0;
						ProvisioningStyle = Automatic;
						SystemCapabilities = {
							com.apple.BackgroundModes = {
								enabled = 1;
							};
							com.apple.Push = {
								enabled = 1;
							};
						};
					};
				};
			};
			buildConfigurationList = 332C8C7A2048835B00BE2646 /* Build configuration list for PBXProject "MyCourses" */;
			compatibilityVersion = "Xcode 8.0";
			developmentRegion = en;
			hasScannedForEncodings = 0;
			knownRegions = (
				en,
				Base,
				ar,
			);
			mainGroup = 332C8C762048835B00BE2646;
			productRefGroup = 332C8C802048835B00BE2646 /* Products */;
			projectDirPath = "";
			projectRoot = "";
			targets = (
				332C8C7E2048835B00BE2646 /* MyCourses */,
			);
		};
/* End PBXProject section */

/* Begin PBXResourcesBuildPhase section */
		332C8C7D2048835B00BE2646 /* Resources */ = {
			isa = PBXResourcesBuildPhase;
			buildActionMask = 2147483647;
			files = (
				336C6592207962760086C1E2 /* localized.strings in Resources */,
				332C8C8D2048835B00BE2646 /* LaunchScreen.storyboard in Resources */,
				332C8C8A2048835B00BE2646 /* Assets.xcassets in Resources */,
				332C8C882048835B00BE2646 /* Main.storyboard in Resources */,
			);
			runOnlyForDeploymentPostprocessing = 0;
		};
/* End PBXResourcesBuildPhase section */

/* Begin PBXShellScriptBuildPhase section */
		4CA3A72174A230E0DC0C0E68 /* [CP] Embed Pods Frameworks */ = {
			isa = PBXShellScriptBuildPhase;
			buildActionMask = 2147483647;
			files = (
			);
			inputPaths = (
				"${SRCROOT}/Pods/Target Support Files/Pods-MyCourses/Pods-MyCourses-frameworks.sh",
				"${BUILT_PRODUCTS_DIR}/Alamofire/Alamofire.framework",
				"${BUILT_PRODUCTS_DIR}/AutoInsetter/AutoInsetter.framework",
				"${BUILT_PRODUCTS_DIR}/Bolts/Bolts.framework",
				"${BUILT_PRODUCTS_DIR}/DropDown/DropDown.framework",
				"${BUILT_PRODUCTS_DIR}/FBSDKCoreKit/FBSDKCoreKit.framework",
				"${BUILT_PRODUCTS_DIR}/FBSDKLoginKit/FBSDKLoginKit.framework",
				"${BUILT_PRODUCTS_DIR}/FBSDKShareKit/FBSDKShareKit.framework",
				"${BUILT_PRODUCTS_DIR}/FSPagerView/FSPagerView.framework",
				"${BUILT_PRODUCTS_DIR}/FacebookCore/FacebookCore.framework",
				"${BUILT_PRODUCTS_DIR}/FacebookLogin/FacebookLogin.framework",
				"${BUILT_PRODUCTS_DIR}/FacebookShare/FacebookShare.framework",
				"${BUILT_PRODUCTS_DIR}/GTMOAuth2/GTMOAuth2.framework",
				"${BUILT_PRODUCTS_DIR}/GTMSessionFetcher/GTMSessionFetcher.framework",
				"${BUILT_PRODUCTS_DIR}/GoogleToolboxForMac/GoogleToolboxForMac.framework",
				"${BUILT_PRODUCTS_DIR}/Pageboy/Pageboy.framework",
				"${BUILT_PRODUCTS_DIR}/QRCodeReader.swift/QRCodeReader.framework",
				"${BUILT_PRODUCTS_DIR}/SDWebImage/SDWebImage.framework",
				"${BUILT_PRODUCTS_DIR}/SideMenuController/SideMenuController.framework",
				"${BUILT_PRODUCTS_DIR}/SwiftyJSON/SwiftyJSON.framework",
				"${BUILT_PRODUCTS_DIR}/Tabman/Tabman.framework",
				"${PODS_ROOT}/TwitterCore/iOS/TwitterCore.framework",
				"${PODS_ROOT}/TwitterKit/iOS/TwitterKit.framework",
				"${BUILT_PRODUCTS_DIR}/libwebp/libwebp.framework",
			);
			name = "[CP] Embed Pods Frameworks";
			outputPaths = (
				"${TARGET_BUILD_DIR}/${FRAMEWORKS_FOLDER_PATH}/Alamofire.framework",
				"${TARGET_BUILD_DIR}/${FRAMEWORKS_FOLDER_PATH}/AutoInsetter.framework",
				"${TARGET_BUILD_DIR}/${FRAMEWORKS_FOLDER_PATH}/Bolts.framework",
				"${TARGET_BUILD_DIR}/${FRAMEWORKS_FOLDER_PATH}/DropDown.framework",
				"${TARGET_BUILD_DIR}/${FRAMEWORKS_FOLDER_PATH}/FBSDKCoreKit.framework",
				"${TARGET_BUILD_DIR}/${FRAMEWORKS_FOLDER_PATH}/FBSDKLoginKit.framework",
				"${TARGET_BUILD_DIR}/${FRAMEWORKS_FOLDER_PATH}/FBSDKShareKit.framework",
				"${TARGET_BUILD_DIR}/${FRAMEWORKS_FOLDER_PATH}/FSPagerView.framework",
				"${TARGET_BUILD_DIR}/${FRAMEWORKS_FOLDER_PATH}/FacebookCore.framework",
				"${TARGET_BUILD_DIR}/${FRAMEWORKS_FOLDER_PATH}/FacebookLogin.framework",
				"${TARGET_BUILD_DIR}/${FRAMEWORKS_FOLDER_PATH}/FacebookShare.framework",
				"${TARGET_BUILD_DIR}/${FRAMEWORKS_FOLDER_PATH}/GTMOAuth2.framework",
				"${TARGET_BUILD_DIR}/${FRAMEWORKS_FOLDER_PATH}/GTMSessionFetcher.framework",
				"${TARGET_BUILD_DIR}/${FRAMEWORKS_FOLDER_PATH}/GoogleToolboxForMac.framework",
				"${TARGET_BUILD_DIR}/${FRAMEWORKS_FOLDER_PATH}/Pageboy.framework",
				"${TARGET_BUILD_DIR}/${FRAMEWORKS_FOLDER_PATH}/QRCodeReader.framework",
				"${TARGET_BUILD_DIR}/${FRAMEWORKS_FOLDER_PATH}/SDWebImage.framework",
				"${TARGET_BUILD_DIR}/${FRAMEWORKS_FOLDER_PATH}/SideMenuController.framework",
				"${TARGET_BUILD_DIR}/${FRAMEWORKS_FOLDER_PATH}/SwiftyJSON.framework",
				"${TARGET_BUILD_DIR}/${FRAMEWORKS_FOLDER_PATH}/Tabman.framework",
				"${TARGET_BUILD_DIR}/${FRAMEWORKS_FOLDER_PATH}/TwitterCore.framework",
				"${TARGET_BUILD_DIR}/${FRAMEWORKS_FOLDER_PATH}/TwitterKit.framework",
				"${TARGET_BUILD_DIR}/${FRAMEWORKS_FOLDER_PATH}/libwebp.framework",
			);
			runOnlyForDeploymentPostprocessing = 0;
			shellPath = /bin/sh;
			shellScript = "\"${SRCROOT}/Pods/Target Support Files/Pods-MyCourses/Pods-MyCourses-frameworks.sh\"\n";
			showEnvVarsInLog = 0;
		};
		9BDE9A41004DFD6F7C62A83D /* [CP] Check Pods Manifest.lock */ = {
			isa = PBXShellScriptBuildPhase;
			buildActionMask = 2147483647;
			files = (
			);
			inputPaths = (
				"${PODS_PODFILE_DIR_PATH}/Podfile.lock",
				"${PODS_ROOT}/Manifest.lock",
			);
			name = "[CP] Check Pods Manifest.lock";
			outputPaths = (
				"$(DERIVED_FILE_DIR)/Pods-MyCourses-checkManifestLockResult.txt",
			);
			runOnlyForDeploymentPostprocessing = 0;
			shellPath = /bin/sh;
			shellScript = "diff \"${PODS_PODFILE_DIR_PATH}/Podfile.lock\" \"${PODS_ROOT}/Manifest.lock\" > /dev/null\nif [ $? != 0 ] ; then\n    # print error to STDERR\n    echo \"error: The sandbox is not in sync with the Podfile.lock. Run 'pod install' or update your CocoaPods installation.\" >&2\n    exit 1\nfi\n# This output is used by Xcode 'outputs' to avoid re-running this script phase.\necho \"SUCCESS\" > \"${SCRIPT_OUTPUT_FILE_0}\"\n";
			showEnvVarsInLog = 0;
		};
		9D93BD78932646F5616D5244 /* [CP] Copy Pods Resources */ = {
			isa = PBXShellScriptBuildPhase;
			buildActionMask = 2147483647;
			files = (
			);
			inputPaths = (
				"${SRCROOT}/Pods/Target Support Files/Pods-MyCourses/Pods-MyCourses-resources.sh",
				"${PODS_ROOT}/GoogleMaps/Maps/Frameworks/GoogleMaps.framework/Resources/GoogleMaps.bundle",
				"${PODS_ROOT}/GoogleSignIn/Resources/GoogleSignIn.bundle",
				"${PODS_ROOT}/TwitterKit/iOS/TwitterKit.framework/TwitterKitResources.bundle",
				"${PODS_ROOT}/TwitterKit/iOS/TwitterKit.framework/TwitterShareExtensionUIResources.bundle",
			);
			name = "[CP] Copy Pods Resources";
			outputPaths = (
				"${TARGET_BUILD_DIR}/${UNLOCALIZED_RESOURCES_FOLDER_PATH}",
			);
			runOnlyForDeploymentPostprocessing = 0;
			shellPath = /bin/sh;
			shellScript = "\"${SRCROOT}/Pods/Target Support Files/Pods-MyCourses/Pods-MyCourses-resources.sh\"\n";
			showEnvVarsInLog = 0;
		};
/* End PBXShellScriptBuildPhase section */

/* Begin PBXSourcesBuildPhase section */
		332C8C7B2048835B00BE2646 /* Sources */ = {
			isa = PBXSourcesBuildPhase;
			buildActionMask = 2147483647;
			files = (
				33E91D722071DFAA00DEFEEE /* PromotionsTVC.swift in Sources */,
				33E198CB20715A830073328B /* CenterProfileVC.swift in Sources */,
				3300BC2920735A17007A1967 /* GMUGradient.m in Sources */,
				33ED596A2068352A005F29F6 /* BookingTVCell.swift in Sources */,
				337C13E12056F603000E16CA /* CoursesTVC.swift in Sources */,
				3300BC2420735889007A1967 /* GMUStaticCluster.m in Sources */,
				33041BEB2055A3B30087FF00 /* Course.swift in Sources */,
				3300BC2220735889007A1967 /* GMUWrappingDictionaryKey.m in Sources */,
				3300BC2A20735A17007A1967 /* GMUHeatmapTileLayer.m in Sources */,
				33CD9EA4204DB18600579125 /* RegisterPage.swift in Sources */,
				33B7938B2053EF1A00E84032 /* Consts.swift in Sources */,
				33041BF120561DEA0087FF00 /* CoursesDiscoverTVCell.swift in Sources */,
				3300BC2B20735A17007A1967 /* GMUWeightedLatLng.m in Sources */,
				33E198CD207169390073328B /* CenterProfileVP.swift in Sources */,
				33041BED2055A4C30087FF00 /* RecCourseCell.swift in Sources */,
				33B465DC205443D400446F99 /* CompRegTVC.swift in Sources */,
				3300BC2620735889007A1967 /* GMUDefaultClusterRenderer.m in Sources */,
				33FE11612048A2EA00A01923 /* LoginPage.swift in Sources */,
				33E91D742071E15100DEFEEE /* PromotionTVCell.swift in Sources */,
				3300BC2120735889007A1967 /* GMUSimpleClusterAlgorithm.m in Sources */,
				33E91D762071E9ED00DEFEEE /* QRScanner.swift in Sources */,
				337C13E320570132000E16CA /* CentersMapVC.swift in Sources */,
				3312C423206FBF1C00EB8BAC /* StartingDate.swift in Sources */,
				33E198C5207136DB0073328B /* CourseProfileVP.swift in Sources */,
				33E198C72071536C0073328B /* CenterInfoTVC.swift in Sources */,
				33041BE7205563C80087FF00 /* HomeTVC.swift in Sources */,
				33041BE52055499C0087FF00 /* SideMenuVC.swift in Sources */,
				33041BE92055A09B0087FF00 /* RecommendedCVC.swift in Sources */,
				332C8C832048835B00BE2646 /* AppDelegate.swift in Sources */,
				33B465E120544B0E00446F99 /* Category.swift in Sources */,
				332C8C9920488C5B00BE2646 /* Extensions.swift in Sources */,
				3312C425206FC2CD00EB8BAC /* SubCourseTVCell.swift in Sources */,
				332C8C962048846500BE2646 /* LoginMainVC.swift in Sources */,
				3300BC2720735A0D007A1967 /* GQTPointQuadTree.m in Sources */,
				33041BEF20561C280087FF00 /* CoursesDiscoverTVC.swift in Sources */,
				3300BC2020735889007A1967 /* GMUNonHierarchicalDistanceBasedAlgorithm.m in Sources */,
				337C13E520570D98000E16CA /* Center.swift in Sources */,
				3312C41F206FBE6700EB8BAC /* SubCoursesTVC.swift in Sources */,
				3300BC1F20735889007A1967 /* GMUGridBasedClusterAlgorithm.m in Sources */,
				33075BB32073099C0078CCE5 /* SettingsTVC.swift in Sources */,
				3312C421206FBE7D00EB8BAC /* SubCourse.swift in Sources */,
				33E91D632071B6E500DEFEEE /* BookCourseVC.swift in Sources */,
				33E91D702071C6D000DEFEEE /* PromoCode.swift in Sources */,
				33E91D692071B77C00DEFEEE /* BookCourseVP.swift in Sources */,
				33ED5968206823B5005F29F6 /* BookingsTVC.swift in Sources */,
				3312C4272070564B00EB8BAC /* CourseProfileVC.swift in Sources */,
				33E198C92071564D0073328B /* CenterInfoTVCell.swift in Sources */,
				33041BE3205546F00087FF00 /* SplashVC.swift in Sources */,
				3300BC2820735A0D007A1967 /* GQTPointQuadTreeChild.m in Sources */,
				33E91D672071B76900DEFEEE /* BookCourseTVC.swift in Sources */,
				3300BC2320735889007A1967 /* GMUClusterManager.m in Sources */,
				33E60EF0206D427F008EE27A /* Booking.swift in Sources */,
				3300BC2520735889007A1967 /* GMUDefaultClusterIconGenerator.m in Sources */,
			);
			runOnlyForDeploymentPostprocessing = 0;
		};
/* End PBXSourcesBuildPhase section */

/* Begin PBXVariantGroup section */
		332C8C862048835B00BE2646 /* Main.storyboard */ = {
			isa = PBXVariantGroup;
			children = (
				332C8C872048835B00BE2646 /* Base */,
				336C658820794A110086C1E2 /* en */,
				336C658A20794A750086C1E2 /* ar */,
			);
			name = Main.storyboard;
			sourceTree = "<group>";
		};
		332C8C8B2048835B00BE2646 /* LaunchScreen.storyboard */ = {
			isa = PBXVariantGroup;
			children = (
				332C8C8C2048835B00BE2646 /* Base */,
			);
			name = LaunchScreen.storyboard;
			sourceTree = "<group>";
		};
		336C659020795DC30086C1E2 /* localized.strings */ = {
			isa = PBXVariantGroup;
			children = (
				336C658F20795DC30086C1E2 /* en */,
				336C659120795DCD0086C1E2 /* ar */,
			);
			name = localized.strings;
			path = "/Users/mamdouhelnakeeb/Desktop/WORK/Upwork/My Courses/App/MyCourses - iOS/My Courses/Helper";
			sourceTree = "<absolute>";
		};
/* End PBXVariantGroup section */

/* Begin XCBuildConfiguration section */
		332C8C8F2048835B00BE2646 /* Debug */ = {
			isa = XCBuildConfiguration;
			buildSettings = {
				ALWAYS_SEARCH_USER_PATHS = NO;
				CLANG_ANALYZER_LOCALIZABILITY_NONLOCALIZED = YES;
				CLANG_ANALYZER_NONNULL = YES;
				CLANG_ANALYZER_NUMBER_OBJECT_CONVERSION = YES_AGGRESSIVE;
				CLANG_CXX_LANGUAGE_STANDARD = "gnu++14";
				CLANG_CXX_LIBRARY = "libc++";
				CLANG_ENABLE_MODULES = YES;
				CLANG_ENABLE_OBJC_ARC = YES;
				CLANG_WARN_BLOCK_CAPTURE_AUTORELEASING = YES;
				CLANG_WARN_BOOL_CONVERSION = YES;
				CLANG_WARN_COMMA = YES;
				CLANG_WARN_CONSTANT_CONVERSION = YES;
				CLANG_WARN_DIRECT_OBJC_ISA_USAGE = YES_ERROR;
				CLANG_WARN_DOCUMENTATION_COMMENTS = YES;
				CLANG_WARN_EMPTY_BODY = YES;
				CLANG_WARN_ENUM_CONVERSION = YES;
				CLANG_WARN_INFINITE_RECURSION = YES;
				CLANG_WARN_INT_CONVERSION = YES;
				CLANG_WARN_NON_LITERAL_NULL_CONVERSION = YES;
				CLANG_WARN_OBJC_LITERAL_CONVERSION = YES;
				CLANG_WARN_OBJC_ROOT_CLASS = YES_ERROR;
				CLANG_WARN_RANGE_LOOP_ANALYSIS = YES;
				CLANG_WARN_STRICT_PROTOTYPES = YES;
				CLANG_WARN_SUSPICIOUS_MOVE = YES;
				CLANG_WARN_UNGUARDED_AVAILABILITY = YES_AGGRESSIVE;
				CLANG_WARN_UNREACHABLE_CODE = YES;
				CLANG_WARN__DUPLICATE_METHOD_MATCH = YES;
				CODE_SIGN_IDENTITY = "iPhone Developer";
				COPY_PHASE_STRIP = NO;
				DEBUG_INFORMATION_FORMAT = dwarf;
				ENABLE_STRICT_OBJC_MSGSEND = YES;
				ENABLE_TESTABILITY = YES;
				GCC_C_LANGUAGE_STANDARD = gnu11;
				GCC_DYNAMIC_NO_PIC = NO;
				GCC_NO_COMMON_BLOCKS = YES;
				GCC_OPTIMIZATION_LEVEL = 0;
				GCC_PREPROCESSOR_DEFINITIONS = (
					"DEBUG=1",
					"$(inherited)",
				);
				GCC_WARN_64_TO_32_BIT_CONVERSION = YES;
				GCC_WARN_ABOUT_RETURN_TYPE = YES_ERROR;
				GCC_WARN_UNDECLARED_SELECTOR = YES;
				GCC_WARN_UNINITIALIZED_AUTOS = YES_AGGRESSIVE;
				GCC_WARN_UNUSED_FUNCTION = YES;
				GCC_WARN_UNUSED_VARIABLE = YES;
				IPHONEOS_DEPLOYMENT_TARGET = 11.0;
				MTL_ENABLE_DEBUG_INFO = YES;
				ONLY_ACTIVE_ARCH = YES;
				SDKROOT = iphoneos;
				SWIFT_ACTIVE_COMPILATION_CONDITIONS = DEBUG;
				SWIFT_OBJC_BRIDGING_HEADER = "My Courses/Helper/MyCourses-Bridging-Header.h";
				SWIFT_OPTIMIZATION_LEVEL = "-Onone";
			};
			name = Debug;
		};
		332C8C902048835B00BE2646 /* Release */ = {
			isa = XCBuildConfiguration;
			buildSettings = {
				ALWAYS_SEARCH_USER_PATHS = NO;
				CLANG_ANALYZER_LOCALIZABILITY_NONLOCALIZED = YES;
				CLANG_ANALYZER_NONNULL = YES;
				CLANG_ANALYZER_NUMBER_OBJECT_CONVERSION = YES_AGGRESSIVE;
				CLANG_CXX_LANGUAGE_STANDARD = "gnu++14";
				CLANG_CXX_LIBRARY = "libc++";
				CLANG_ENABLE_MODULES = YES;
				CLANG_ENABLE_OBJC_ARC = YES;
				CLANG_WARN_BLOCK_CAPTURE_AUTORELEASING = YES;
				CLANG_WARN_BOOL_CONVERSION = YES;
				CLANG_WARN_COMMA = YES;
				CLANG_WARN_CONSTANT_CONVERSION = YES;
				CLANG_WARN_DIRECT_OBJC_ISA_USAGE = YES_ERROR;
				CLANG_WARN_DOCUMENTATION_COMMENTS = YES;
				CLANG_WARN_EMPTY_BODY = YES;
				CLANG_WARN_ENUM_CONVERSION = YES;
				CLANG_WARN_INFINITE_RECURSION = YES;
				CLANG_WARN_INT_CONVERSION = YES;
				CLANG_WARN_NON_LITERAL_NULL_CONVERSION = YES;
				CLANG_WARN_OBJC_LITERAL_CONVERSION = YES;
				CLANG_WARN_OBJC_ROOT_CLASS = YES_ERROR;
				CLANG_WARN_RANGE_LOOP_ANALYSIS = YES;
				CLANG_WARN_STRICT_PROTOTYPES = YES;
				CLANG_WARN_SUSPICIOUS_MOVE = YES;
				CLANG_WARN_UNGUARDED_AVAILABILITY = YES_AGGRESSIVE;
				CLANG_WARN_UNREACHABLE_CODE = YES;
				CLANG_WARN__DUPLICATE_METHOD_MATCH = YES;
				CODE_SIGN_IDENTITY = "iPhone Developer";
				COPY_PHASE_STRIP = NO;
				DEBUG_INFORMATION_FORMAT = "dwarf-with-dsym";
				ENABLE_NS_ASSERTIONS = NO;
				ENABLE_STRICT_OBJC_MSGSEND = YES;
				GCC_C_LANGUAGE_STANDARD = gnu11;
				GCC_NO_COMMON_BLOCKS = YES;
				GCC_WARN_64_TO_32_BIT_CONVERSION = YES;
				GCC_WARN_ABOUT_RETURN_TYPE = YES_ERROR;
				GCC_WARN_UNDECLARED_SELECTOR = YES;
				GCC_WARN_UNINITIALIZED_AUTOS = YES_AGGRESSIVE;
				GCC_WARN_UNUSED_FUNCTION = YES;
				GCC_WARN_UNUSED_VARIABLE = YES;
				IPHONEOS_DEPLOYMENT_TARGET = 11.0;
				MTL_ENABLE_DEBUG_INFO = NO;
				SDKROOT = iphoneos;
				SWIFT_OBJC_BRIDGING_HEADER = "My Courses/Helper/MyCourses-Bridging-Header.h";
				SWIFT_OPTIMIZATION_LEVEL = "-Owholemodule";
				VALIDATE_PRODUCT = YES;
			};
			name = Release;
		};
		332C8C922048835B00BE2646 /* Debug */ = {
			isa = XCBuildConfiguration;
			baseConfigurationReference = BE053EC89A3C4784FC5CC53F /* Pods-MyCourses.debug.xcconfig */;
			buildSettings = {
				ASSETCATALOG_COMPILER_APPICON_NAME = AppIcon;
				CODE_SIGN_ENTITLEMENTS = "My Courses/My Courses.entitlements";
				CODE_SIGN_STYLE = Automatic;
				DEFINES_MODULE = NO;
				DEVELOPMENT_TEAM = 65TWY5P96S;
				FRAMEWORK_SEARCH_PATHS = (
					"$(inherited)",
					"$(PROJECT_DIR)/My\\ Courses",
					"$(PROJECT_DIR)/My\\ Courses",
					"$(PROJECT_DIR)/My\\ Courses",
					"$(PROJECT_DIR)/My\\ Courses",
				);
				INFOPLIST_FILE = "My Courses/Info.plist";
				LD_RUNPATH_SEARCH_PATHS = "$(inherited) @executable_path/Frameworks";
				OTHER_LDFLAGS = (
					"$(inherited)",
					"-ObjC",
					"-framework",
					"\"AVFoundation\"",
					"-framework",
					"\"Accounts\"",
					"-framework",
					"\"Alamofire\"",
					"-framework",
					"\"AutoInsetter\"",
					"-framework",
					"\"Bolts\"",
					"-framework",
					"\"CoreData\"",
					"-framework",
					"\"CoreGraphics\"",
					"-framework",
					"\"CoreMedia\"",
					"-framework",
					"\"CoreText\"",
					"-framework",
					"\"DropDown\"",
					"-framework",
					"\"FBSDKCoreKit\"",
					"-framework",
					"\"FBSDKLoginKit\"",
					"-framework",
					"\"FBSDKShareKit\"",
					"-framework",
					"\"FSPagerView\"",
					"-framework",
					"\"FacebookCore\"",
					"-framework",
					"\"FacebookLogin\"",
					"-framework",
					"\"FacebookShare\"",
					"-framework",
					"\"Foundation\"",
					"-framework",
					"\"GTMOAuth2\"",
					"-framework",
					"\"GTMSessionFetcher\"",
					"-framework",
					"\"GoogleSignIn\"",
					"-framework",
					"\"GoogleToolboxForMac\"",
					"-framework",
					"\"Pageboy\"",
					"-framework",
					"\"QRCodeReader\"",
					"-framework",
					"\"QuartzCore\"",
					"-framework",
					"\"SDWebImage\"",
					"-framework",
					"\"SafariServices\"",
					"-framework",
					"\"Security\"",
					"-framework",
					"\"SideMenuController\"",
					"-framework",
					"\"Social\"",
					"-framework",
					"\"SwiftyJSON\"",
					"-framework",
					"\"Tabman\"",
					"-framework",
					"\"TwitterCore\"",
					"-framework",
					"\"TwitterKit\"",
					"-framework",
					"\"UIKit\"",
					"-framework",
					"\"libwebp\"",
					"-lc++",
				);
				PRODUCT_BUNDLE_IDENTIFIER = com.mycoursesapp;
				PRODUCT_NAME = "$(TARGET_NAME)";
				SWIFT_OBJC_BRIDGING_HEADER = "My Courses/Helper/Google-Maps-iOS-Utils/MyCourses-Bridging-Header.h";
				SWIFT_OBJC_INTERFACE_HEADER_NAME = "MyCourses-Bridging-Header.h";
				SWIFT_VERSION = 4.0;
				TARGETED_DEVICE_FAMILY = "1,2";
			};
			name = Debug;
		};
		332C8C932048835B00BE2646 /* Release */ = {
			isa = XCBuildConfiguration;
			baseConfigurationReference = A618C8BB53319A6122C54AB6 /* Pods-MyCourses.release.xcconfig */;
			buildSettings = {
				ASSETCATALOG_COMPILER_APPICON_NAME = AppIcon;
				CODE_SIGN_ENTITLEMENTS = "My Courses/My Courses.entitlements";
				CODE_SIGN_STYLE = Automatic;
				DEFINES_MODULE = NO;
				DEVELOPMENT_TEAM = 65TWY5P96S;
				FRAMEWORK_SEARCH_PATHS = (
					"$(inherited)",
					"$(PROJECT_DIR)/My\\ Courses",
					"$(PROJECT_DIR)/My\\ Courses",
					"$(PROJECT_DIR)/My\\ Courses",
					"$(PROJECT_DIR)/My\\ Courses",
				);
				INFOPLIST_FILE = "My Courses/Info.plist";
				LD_RUNPATH_SEARCH_PATHS = "$(inherited) @executable_path/Frameworks";
				OTHER_LDFLAGS = (
					"$(inherited)",
					"-ObjC",
					"-framework",
					"\"AVFoundation\"",
					"-framework",
					"\"Accounts\"",
					"-framework",
					"\"Alamofire\"",
					"-framework",
					"\"AutoInsetter\"",
					"-framework",
					"\"Bolts\"",
					"-framework",
					"\"CoreData\"",
					"-framework",
					"\"CoreGraphics\"",
					"-framework",
					"\"CoreMedia\"",
					"-framework",
					"\"CoreText\"",
					"-framework",
					"\"DropDown\"",
					"-framework",
					"\"FBSDKCoreKit\"",
					"-framework",
					"\"FBSDKLoginKit\"",
					"-framework",
					"\"FBSDKShareKit\"",
					"-framework",
					"\"FSPagerView\"",
					"-framework",
					"\"FacebookCore\"",
					"-framework",
					"\"FacebookLogin\"",
					"-framework",
					"\"FacebookShare\"",
					"-framework",
					"\"Foundation\"",
					"-framework",
					"\"GTMOAuth2\"",
					"-framework",
					"\"GTMSessionFetcher\"",
					"-framework",
					"\"GoogleSignIn\"",
					"-framework",
					"\"GoogleToolboxForMac\"",
					"-framework",
					"\"Pageboy\"",
					"-framework",
					"\"QRCodeReader\"",
					"-framework",
					"\"QuartzCore\"",
					"-framework",
					"\"SDWebImage\"",
					"-framework",
					"\"SafariServices\"",
					"-framework",
					"\"Security\"",
					"-framework",
					"\"SideMenuController\"",
					"-framework",
					"\"Social\"",
					"-framework",
					"\"SwiftyJSON\"",
					"-framework",
					"\"Tabman\"",
					"-framework",
					"\"TwitterCore\"",
					"-framework",
					"\"TwitterKit\"",
					"-framework",
					"\"UIKit\"",
					"-framework",
					"\"libwebp\"",
					"-lc++",
				);
				PRODUCT_BUNDLE_IDENTIFIER = com.mycoursesapp;
				PRODUCT_NAME = "$(TARGET_NAME)";
				SWIFT_OBJC_BRIDGING_HEADER = "My Courses/Helper/Google-Maps-iOS-Utils/MyCourses-Bridging-Header.h";
				"SWIFT_OBJC_BRIDGING_HEADER[arch=*]" = "";
				SWIFT_OBJC_INTERFACE_HEADER_NAME = "MyCourses-Bridging-Header.h";
				SWIFT_VERSION = 4.0;
				TARGETED_DEVICE_FAMILY = "1,2";
			};
			name = Release;
		};
/* End XCBuildConfiguration section */

/* Begin XCConfigurationList section */
		332C8C7A2048835B00BE2646 /* Build configuration list for PBXProject "MyCourses" */ = {
			isa = XCConfigurationList;
			buildConfigurations = (
				332C8C8F2048835B00BE2646 /* Debug */,
				332C8C902048835B00BE2646 /* Release */,
			);
			defaultConfigurationIsVisible = 0;
			defaultConfigurationName = Release;
		};
		332C8C912048835B00BE2646 /* Build configuration list for PBXNativeTarget "MyCourses" */ = {
			isa = XCConfigurationList;
			buildConfigurations = (
				332C8C922048835B00BE2646 /* Debug */,
				332C8C932048835B00BE2646 /* Release */,
			);
			defaultConfigurationIsVisible = 0;
			defaultConfigurationName = Release;
		};
/* End XCConfigurationList section */
	};
	rootObject = 332C8C772048835B00BE2646 /* Project object */;
}
